
Microsoft Visual Studio Solution File, Format Version 12.00
# Visual Studio 2013
VisualStudioVersion = 12.0.21005.1
MinimumVisualStudioVersion = 10.0.40219.1
Project("{FAE04EC0-301F-11D3-BF4B-00C04F79EFBC}") = "TRMWebService", "TRMWebService\TRMWebService.csproj", "{D8AD37AC-0E38-45BC-80A6-C9331BA68921}"
EndProject
Project("{FAE04EC0-301F-11D3-BF4B-00C04F79EFBC}") = "TRMDomainModel", "DomainModel\TRMDomainModel.csproj", "{15B3E0D2-6217-493A-A690-158C497F5318}"
EndProject
Project("{FAE04EC0-301F-11D3-BF4B-00C04F79EFBC}") = "TRMTestRig", "TRMTestRig\TRMTestRig.csproj", "{1F333F3F-EE0B-452F-9729-CE58F2DC4605}"
EndProject
Project("{FAE04EC0-301F-11D3-BF4B-00C04F79EFBC}") = "TRMInfrastructure", "TRMInfrastructure\TRMInfrastructure.csproj", "{89A6F972-4674-4C31-808F-5432D8C744E8}"
EndProject
Project("{FAE04EC0-301F-11D3-BF4B-00C04F79EFBC}") = "TRMWebTestRig", "TRMWebTestRig\TRMWebTestRig.csproj", "{5C48F488-1F68-4C17-AEF1-C8F46B930081}"
EndProject
Project("{FAE04EC0-301F-11D3-BF4B-00C04F79EFBC}") = "TRMWebHttpCors", "TRMWebHttpCors\TRMWebHttpCors.csproj", "{66F4FCAF-DA3E-4023-9CA4-925AFEC3DFD7}"
EndProject
Project("{FAE04EC0-301F-11D3-BF4B-00C04F79EFBC}") = "TRMMusicManager", "TRMAudiostem\TRMMusicManager.csproj", "{4F4E4B83-8A97-439F-BA44-D72E3D997B57}"
EndProject
Project("{FAE04EC0-301F-11D3-BF4B-00C04F79EFBC}") = "DataGenerator", "DataGenerator\DataGenerator.csproj", "{AF734033-B9CD-42DE-9D60-E5B8C8BF757B}"
EndProject
Global
	GlobalSection(SolutionConfigurationPlatforms) = preSolution
		CD_ROM|Any CPU = CD_ROM|Any CPU
		CD_ROM|Mixed Platforms = CD_ROM|Mixed Platforms
		CD_ROM|x86 = CD_ROM|x86
		Debug|Any CPU = Debug|Any CPU
		Debug|Mixed Platforms = Debug|Mixed Platforms
		Debug|x86 = Debug|x86
		DVD-5|Any CPU = DVD-5|Any CPU
		DVD-5|Mixed Platforms = DVD-5|Mixed Platforms
		DVD-5|x86 = DVD-5|x86
		Release|Any CPU = Release|Any CPU
		Release|Mixed Platforms = Release|Mixed Platforms
		Release|x86 = Release|x86
		SingleImage|Any CPU = SingleImage|Any CPU
		SingleImage|Mixed Platforms = SingleImage|Mixed Platforms
		SingleImage|x86 = SingleImage|x86
	EndGlobalSection
	GlobalSection(ProjectConfigurationPlatforms) = postSolution
		{D8AD37AC-0E38-45BC-80A6-C9331BA68921}.CD_ROM|Any CPU.ActiveCfg = Release|Any CPU
		{D8AD37AC-0E38-45BC-80A6-C9331BA68921}.CD_ROM|Any CPU.Build.0 = Release|Any CPU
		{D8AD37AC-0E38-45BC-80A6-C9331BA68921}.CD_ROM|Mixed Platforms.ActiveCfg = Release|Any CPU
		{D8AD37AC-0E38-45BC-80A6-C9331BA68921}.CD_ROM|Mixed Platforms.Build.0 = Release|Any CPU
		{D8AD37AC-0E38-45BC-80A6-C9331BA68921}.CD_ROM|x86.ActiveCfg = Release|Any CPU
		{D8AD37AC-0E38-45BC-80A6-C9331BA68921}.Debug|Any CPU.ActiveCfg = Debug|Any CPU
		{D8AD37AC-0E38-45BC-80A6-C9331BA68921}.Debug|Any CPU.Build.0 = Debug|Any CPU
		{D8AD37AC-0E38-45BC-80A6-C9331BA68921}.Debug|Mixed Platforms.ActiveCfg = Debug|Any CPU
		{D8AD37AC-0E38-45BC-80A6-C9331BA68921}.Debug|Mixed Platforms.Build.0 = Debug|Any CPU
		{D8AD37AC-0E38-45BC-80A6-C9331BA68921}.Debug|x86.ActiveCfg = Debug|Any CPU
		{D8AD37AC-0E38-45BC-80A6-C9331BA68921}.DVD-5|Any CPU.ActiveCfg = Debug|Any CPU
		{D8AD37AC-0E38-45BC-80A6-C9331BA68921}.DVD-5|Any CPU.Build.0 = Debug|Any CPU
		{D8AD37AC-0E38-45BC-80A6-C9331BA68921}.DVD-5|Mixed Platforms.ActiveCfg = Debug|Any CPU
		{D8AD37AC-0E38-45BC-80A6-C9331BA68921}.DVD-5|Mixed Platforms.Build.0 = Debug|Any CPU
		{D8AD37AC-0E38-45BC-80A6-C9331BA68921}.DVD-5|x86.ActiveCfg = Debug|Any CPU
		{D8AD37AC-0E38-45BC-80A6-C9331BA68921}.Release|Any CPU.ActiveCfg = Release|Any CPU
		{D8AD37AC-0E38-45BC-80A6-C9331BA68921}.Release|Any CPU.Build.0 = Release|Any CPU
		{D8AD37AC-0E38-45BC-80A6-C9331BA68921}.Release|Mixed Platforms.ActiveCfg = Release|Any CPU
		{D8AD37AC-0E38-45BC-80A6-C9331BA68921}.Release|Mixed Platforms.Build.0 = Release|Any CPU
		{D8AD37AC-0E38-45BC-80A6-C9331BA68921}.Release|x86.ActiveCfg = Release|Any CPU
		{D8AD37AC-0E38-45BC-80A6-C9331BA68921}.SingleImage|Any CPU.ActiveCfg = Release|Any CPU
		{D8AD37AC-0E38-45BC-80A6-C9331BA68921}.SingleImage|Any CPU.Build.0 = Release|Any CPU
		{D8AD37AC-0E38-45BC-80A6-C9331BA68921}.SingleImage|Mixed Platforms.ActiveCfg = Release|Any CPU
		{D8AD37AC-0E38-45BC-80A6-C9331BA68921}.SingleImage|Mixed Platforms.Build.0 = Release|Any CPU
		{D8AD37AC-0E38-45BC-80A6-C9331BA68921}.SingleImage|x86.ActiveCfg = Release|Any CPU
		{15B3E0D2-6217-493A-A690-158C497F5318}.CD_ROM|Any CPU.ActiveCfg = Release|Any CPU
		{15B3E0D2-6217-493A-A690-158C497F5318}.CD_ROM|Any CPU.Build.0 = Release|Any CPU
		{15B3E0D2-6217-493A-A690-158C497F5318}.CD_ROM|Mixed Platforms.ActiveCfg = Release|Any CPU
		{15B3E0D2-6217-493A-A690-158C497F5318}.CD_ROM|Mixed Platforms.Build.0 = Release|Any CPU
		{15B3E0D2-6217-493A-A690-158C497F5318}.CD_ROM|x86.ActiveCfg = Release|Any CPU
		{15B3E0D2-6217-493A-A690-158C497F5318}.Debug|Any CPU.ActiveCfg = Debug|Any CPU
		{15B3E0D2-6217-493A-A690-158C497F5318}.Debug|Any CPU.Build.0 = Debug|Any CPU
		{15B3E0D2-6217-493A-A690-158C497F5318}.Debug|Mixed Platforms.ActiveCfg = Debug|Any CPU
		{15B3E0D2-6217-493A-A690-158C497F5318}.Debug|Mixed Platforms.Build.0 = Debug|Any CPU
		{15B3E0D2-6217-493A-A690-158C497F5318}.Debug|x86.ActiveCfg = Debug|Any CPU
		{15B3E0D2-6217-493A-A690-158C497F5318}.DVD-5|Any CPU.ActiveCfg = Debug|Any CPU
		{15B3E0D2-6217-493A-A690-158C497F5318}.DVD-5|Any CPU.Build.0 = Debug|Any CPU
		{15B3E0D2-6217-493A-A690-158C497F5318}.DVD-5|Mixed Platforms.ActiveCfg = Debug|Any CPU
		{15B3E0D2-6217-493A-A690-158C497F5318}.DVD-5|Mixed Platforms.Build.0 = Debug|Any CPU
		{15B3E0D2-6217-493A-A690-158C497F5318}.DVD-5|x86.ActiveCfg = Debug|Any CPU
		{15B3E0D2-6217-493A-A690-158C497F5318}.Release|Any CPU.ActiveCfg = Release|Any CPU
		{15B3E0D2-6217-493A-A690-158C497F5318}.Release|Any CPU.Build.0 = Release|Any CPU
		{15B3E0D2-6217-493A-A690-158C497F5318}.Release|Mixed Platforms.ActiveCfg = Release|Any CPU
		{15B3E0D2-6217-493A-A690-158C497F5318}.Release|Mixed Platforms.Build.0 = Release|Any CPU
		{15B3E0D2-6217-493A-A690-158C497F5318}.Release|x86.ActiveCfg = Release|Any CPU
		{15B3E0D2-6217-493A-A690-158C497F5318}.SingleImage|Any CPU.ActiveCfg = Release|Any CPU
		{15B3E0D2-6217-493A-A690-158C497F5318}.SingleImage|Any CPU.Build.0 = Release|Any CPU
		{15B3E0D2-6217-493A-A690-158C497F5318}.SingleImage|Mixed Platforms.ActiveCfg = Release|Any CPU
		{15B3E0D2-6217-493A-A690-158C497F5318}.SingleImage|Mixed Platforms.Build.0 = Release|Any CPU
		{15B3E0D2-6217-493A-A690-158C497F5318}.SingleImage|x86.ActiveCfg = Release|Any CPU
		{1F333F3F-EE0B-452F-9729-CE58F2DC4605}.CD_ROM|Any CPU.ActiveCfg = Release|Any CPU
		{1F333F3F-EE0B-452F-9729-CE58F2DC4605}.CD_ROM|Any CPU.Build.0 = Release|Any CPU
		{1F333F3F-EE0B-452F-9729-CE58F2DC4605}.CD_ROM|Mixed Platforms.ActiveCfg = Release|Any CPU
		{1F333F3F-EE0B-452F-9729-CE58F2DC4605}.CD_ROM|Mixed Platforms.Build.0 = Release|Any CPU
		{1F333F3F-EE0B-452F-9729-CE58F2DC4605}.CD_ROM|x86.ActiveCfg = Release|Any CPU
		{1F333F3F-EE0B-452F-9729-CE58F2DC4605}.Debug|Any CPU.ActiveCfg = Debug|Any CPU
		{1F333F3F-EE0B-452F-9729-CE58F2DC4605}.Debug|Any CPU.Build.0 = Debug|Any CPU
		{1F333F3F-EE0B-452F-9729-CE58F2DC4605}.Debug|Mixed Platforms.ActiveCfg = Debug|Any CPU
		{1F333F3F-EE0B-452F-9729-CE58F2DC4605}.Debug|Mixed Platforms.Build.0 = Debug|Any CPU
		{1F333F3F-EE0B-452F-9729-CE58F2DC4605}.Debug|x86.ActiveCfg = Debug|Any CPU
		{1F333F3F-EE0B-452F-9729-CE58F2DC4605}.DVD-5|Any CPU.ActiveCfg = Debug|Any CPU
		{1F333F3F-EE0B-452F-9729-CE58F2DC4605}.DVD-5|Any CPU.Build.0 = Debug|Any CPU
		{1F333F3F-EE0B-452F-9729-CE58F2DC4605}.DVD-5|Mixed Platforms.ActiveCfg = Debug|Any CPU
		{1F333F3F-EE0B-452F-9729-CE58F2DC4605}.DVD-5|Mixed Platforms.Build.0 = Debug|Any CPU
		{1F333F3F-EE0B-452F-9729-CE58F2DC4605}.DVD-5|x86.ActiveCfg = Debug|Any CPU
		{1F333F3F-EE0B-452F-9729-CE58F2DC4605}.Release|Any CPU.ActiveCfg = Release|Any CPU
		{1F333F3F-EE0B-452F-9729-CE58F2DC4605}.Release|Any CPU.Build.0 = Release|Any CPU
		{1F333F3F-EE0B-452F-9729-CE58F2DC4605}.Release|Mixed Platforms.ActiveCfg = Release|Any CPU
		{1F333F3F-EE0B-452F-9729-CE58F2DC4605}.Release|Mixed Platforms.Build.0 = Release|Any CPU
		{1F333F3F-EE0B-452F-9729-CE58F2DC4605}.Release|x86.ActiveCfg = Release|Any CPU
		{1F333F3F-EE0B-452F-9729-CE58F2DC4605}.SingleImage|Any CPU.ActiveCfg = Release|Any CPU
		{1F333F3F-EE0B-452F-9729-CE58F2DC4605}.SingleImage|Any CPU.Build.0 = Release|Any CPU
		{1F333F3F-EE0B-452F-9729-CE58F2DC4605}.SingleImage|Mixed Platforms.ActiveCfg = Release|Any CPU
		{1F333F3F-EE0B-452F-9729-CE58F2DC4605}.SingleImage|Mixed Platforms.Build.0 = Release|Any CPU
		{1F333F3F-EE0B-452F-9729-CE58F2DC4605}.SingleImage|x86.ActiveCfg = Release|Any CPU
		{89A6F972-4674-4C31-808F-5432D8C744E8}.CD_ROM|Any CPU.ActiveCfg = Release|Any CPU
		{89A6F972-4674-4C31-808F-5432D8C744E8}.CD_ROM|Any CPU.Build.0 = Release|Any CPU
		{89A6F972-4674-4C31-808F-5432D8C744E8}.CD_ROM|Mixed Platforms.ActiveCfg = Release|Any CPU
		{89A6F972-4674-4C31-808F-5432D8C744E8}.CD_ROM|Mixed Platforms.Build.0 = Release|Any CPU
		{89A6F972-4674-4C31-808F-5432D8C744E8}.CD_ROM|x86.ActiveCfg = Release|Any CPU
		{89A6F972-4674-4C31-808F-5432D8C744E8}.Debug|Any CPU.ActiveCfg = Debug|Any CPU
		{89A6F972-4674-4C31-808F-5432D8C744E8}.Debug|Any CPU.Build.0 = Debug|Any CPU
		{89A6F972-4674-4C31-808F-5432D8C744E8}.Debug|Mixed Platforms.ActiveCfg = Debug|Any CPU
		{89A6F972-4674-4C31-808F-5432D8C744E8}.Debug|Mixed Platforms.Build.0 = Debug|Any CPU
		{89A6F972-4674-4C31-808F-5432D8C744E8}.Debug|x86.ActiveCfg = Debug|Any CPU
		{89A6F972-4674-4C31-808F-5432D8C744E8}.DVD-5|Any CPU.ActiveCfg = Debug|Any CPU
		{89A6F972-4674-4C31-808F-5432D8C744E8}.DVD-5|Any CPU.Build.0 = Debug|Any CPU
		{89A6F972-4674-4C31-808F-5432D8C744E8}.DVD-5|Mixed Platforms.ActiveCfg = Debug|Any CPU
		{89A6F972-4674-4C31-808F-5432D8C744E8}.DVD-5|Mixed Platforms.Build.0 = Debug|Any CPU
		{89A6F972-4674-4C31-808F-5432D8C744E8}.DVD-5|x86.ActiveCfg = Debug|Any CPU
		{89A6F972-4674-4C31-808F-5432D8C744E8}.Release|Any CPU.ActiveCfg = Release|Any CPU
		{89A6F972-4674-4C31-808F-5432D8C744E8}.Release|Any CPU.Build.0 = Release|Any CPU
		{89A6F972-4674-4C31-808F-5432D8C744E8}.Release|Mixed Platforms.ActiveCfg = Release|Any CPU
		{89A6F972-4674-4C31-808F-5432D8C744E8}.Release|Mixed Platforms.Build.0 = Release|Any CPU
		{89A6F972-4674-4C31-808F-5432D8C744E8}.Release|x86.ActiveCfg = Release|Any CPU
		{89A6F972-4674-4C31-808F-5432D8C744E8}.SingleImage|Any CPU.ActiveCfg = Release|Any CPU
		{89A6F972-4674-4C31-808F-5432D8C744E8}.SingleImage|Any CPU.Build.0 = Release|Any CPU
		{89A6F972-4674-4C31-808F-5432D8C744E8}.SingleImage|Mixed Platforms.ActiveCfg = Release|Any CPU
		{89A6F972-4674-4C31-808F-5432D8C744E8}.SingleImage|Mixed Platforms.Build.0 = Release|Any CPU
		{89A6F972-4674-4C31-808F-5432D8C744E8}.SingleImage|x86.ActiveCfg = Release|Any CPU
		{5C48F488-1F68-4C17-AEF1-C8F46B930081}.CD_ROM|Any CPU.ActiveCfg = Release|Any CPU
		{5C48F488-1F68-4C17-AEF1-C8F46B930081}.CD_ROM|Any CPU.Build.0 = Release|Any CPU
		{5C48F488-1F68-4C17-AEF1-C8F46B930081}.CD_ROM|Mixed Platforms.ActiveCfg = Release|Any CPU
		{5C48F488-1F68-4C17-AEF1-C8F46B930081}.CD_ROM|Mixed Platforms.Build.0 = Release|Any CPU
		{5C48F488-1F68-4C17-AEF1-C8F46B930081}.CD_ROM|x86.ActiveCfg = Release|Any CPU
		{5C48F488-1F68-4C17-AEF1-C8F46B930081}.Debug|Any CPU.ActiveCfg = Debug|Any CPU
		{5C48F488-1F68-4C17-AEF1-C8F46B930081}.Debug|Any CPU.Build.0 = Debug|Any CPU
		{5C48F488-1F68-4C17-AEF1-C8F46B930081}.Debug|Mixed Platforms.ActiveCfg = Debug|Any CPU
		{5C48F488-1F68-4C17-AEF1-C8F46B930081}.Debug|Mixed Platforms.Build.0 = Debug|Any CPU
		{5C48F488-1F68-4C17-AEF1-C8F46B930081}.Debug|x86.ActiveCfg = Debug|Any CPU
		{5C48F488-1F68-4C17-AEF1-C8F46B930081}.DVD-5|Any CPU.ActiveCfg = Debug|Any CPU
		{5C48F488-1F68-4C17-AEF1-C8F46B930081}.DVD-5|Any CPU.Build.0 = Debug|Any CPU
		{5C48F488-1F68-4C17-AEF1-C8F46B930081}.DVD-5|Mixed Platforms.ActiveCfg = Debug|Any CPU
		{5C48F488-1F68-4C17-AEF1-C8F46B930081}.DVD-5|Mixed Platforms.Build.0 = Debug|Any CPU
		{5C48F488-1F68-4C17-AEF1-C8F46B930081}.DVD-5|x86.ActiveCfg = Debug|Any CPU
		{5C48F488-1F68-4C17-AEF1-C8F46B930081}.Release|Any CPU.ActiveCfg = Release|Any CPU
		{5C48F488-1F68-4C17-AEF1-C8F46B930081}.Release|Any CPU.Build.0 = Release|Any CPU
		{5C48F488-1F68-4C17-AEF1-C8F46B930081}.Release|Mixed Platforms.ActiveCfg = Release|Any CPU
		{5C48F488-1F68-4C17-AEF1-C8F46B930081}.Release|Mixed Platforms.Build.0 = Release|Any CPU
		{5C48F488-1F68-4C17-AEF1-C8F46B930081}.Release|x86.ActiveCfg = Release|Any CPU
		{5C48F488-1F68-4C17-AEF1-C8F46B930081}.SingleImage|Any CPU.ActiveCfg = Release|Any CPU
		{5C48F488-1F68-4C17-AEF1-C8F46B930081}.SingleImage|Any CPU.Build.0 = Release|Any CPU
		{5C48F488-1F68-4C17-AEF1-C8F46B930081}.SingleImage|Mixed Platforms.ActiveCfg = Release|Any CPU
		{5C48F488-1F68-4C17-AEF1-C8F46B930081}.SingleImage|Mixed Platforms.Build.0 = Release|Any CPU
		{5C48F488-1F68-4C17-AEF1-C8F46B930081}.SingleImage|x86.ActiveCfg = Release|Any CPU
		{66F4FCAF-DA3E-4023-9CA4-925AFEC3DFD7}.CD_ROM|Any CPU.ActiveCfg = Release|Any CPU
		{66F4FCAF-DA3E-4023-9CA4-925AFEC3DFD7}.CD_ROM|Any CPU.Build.0 = Release|Any CPU
		{66F4FCAF-DA3E-4023-9CA4-925AFEC3DFD7}.CD_ROM|Mixed Platforms.ActiveCfg = Release|Any CPU
		{66F4FCAF-DA3E-4023-9CA4-925AFEC3DFD7}.CD_ROM|Mixed Platforms.Build.0 = Release|Any CPU
		{66F4FCAF-DA3E-4023-9CA4-925AFEC3DFD7}.CD_ROM|x86.ActiveCfg = Release|Any CPU
		{66F4FCAF-DA3E-4023-9CA4-925AFEC3DFD7}.Debug|Any CPU.ActiveCfg = Debug|Any CPU
		{66F4FCAF-DA3E-4023-9CA4-925AFEC3DFD7}.Debug|Any CPU.Build.0 = Debug|Any CPU
		{66F4FCAF-DA3E-4023-9CA4-925AFEC3DFD7}.Debug|Mixed Platforms.ActiveCfg = Debug|Any CPU
		{66F4FCAF-DA3E-4023-9CA4-925AFEC3DFD7}.Debug|Mixed Platforms.Build.0 = Debug|Any CPU
		{66F4FCAF-DA3E-4023-9CA4-925AFEC3DFD7}.Debug|x86.ActiveCfg = Debug|Any CPU
		{66F4FCAF-DA3E-4023-9CA4-925AFEC3DFD7}.DVD-5|Any CPU.ActiveCfg = Debug|Any CPU
		{66F4FCAF-DA3E-4023-9CA4-925AFEC3DFD7}.DVD-5|Any CPU.Build.0 = Debug|Any CPU
		{66F4FCAF-DA3E-4023-9CA4-925AFEC3DFD7}.DVD-5|Mixed Platforms.ActiveCfg = Debug|Any CPU
		{66F4FCAF-DA3E-4023-9CA4-925AFEC3DFD7}.DVD-5|Mixed Platforms.Build.0 = Debug|Any CPU
		{66F4FCAF-DA3E-4023-9CA4-925AFEC3DFD7}.DVD-5|x86.ActiveCfg = Debug|Any CPU
		{66F4FCAF-DA3E-4023-9CA4-925AFEC3DFD7}.Release|Any CPU.ActiveCfg = Release|Any CPU
		{66F4FCAF-DA3E-4023-9CA4-925AFEC3DFD7}.Release|Any CPU.Build.0 = Release|Any CPU
		{66F4FCAF-DA3E-4023-9CA4-925AFEC3DFD7}.Release|Mixed Platforms.ActiveCfg = Release|Any CPU
		{66F4FCAF-DA3E-4023-9CA4-925AFEC3DFD7}.Release|Mixed Platforms.Build.0 = Release|Any CPU
		{66F4FCAF-DA3E-4023-9CA4-925AFEC3DFD7}.Release|x86.ActiveCfg = Release|Any CPU
		{66F4FCAF-DA3E-4023-9CA4-925AFEC3DFD7}.SingleImage|Any CPU.ActiveCfg = Release|Any CPU
		{66F4FCAF-DA3E-4023-9CA4-925AFEC3DFD7}.SingleImage|Any CPU.Build.0 = Release|Any CPU
		{66F4FCAF-DA3E-4023-9CA4-925AFEC3DFD7}.SingleImage|Mixed Platforms.ActiveCfg = Release|Any CPU
		{66F4FCAF-DA3E-4023-9CA4-925AFEC3DFD7}.SingleImage|Mixed Platforms.Build.0 = Release|Any CPU
		{66F4FCAF-DA3E-4023-9CA4-925AFEC3DFD7}.SingleImage|x86.ActiveCfg = Release|Any CPU
		{4F4E4B83-8A97-439F-BA44-D72E3D997B57}.CD_ROM|Any CPU.ActiveCfg = Release|Any CPU
		{4F4E4B83-8A97-439F-BA44-D72E3D997B57}.CD_ROM|Any CPU.Build.0 = Release|Any CPU
		{4F4E4B83-8A97-439F-BA44-D72E3D997B57}.CD_ROM|Mixed Platforms.ActiveCfg = Release|Any CPU
		{4F4E4B83-8A97-439F-BA44-D72E3D997B57}.CD_ROM|Mixed Platforms.Build.0 = Release|Any CPU
		{4F4E4B83-8A97-439F-BA44-D72E3D997B57}.CD_ROM|x86.ActiveCfg = Release|Any CPU
		{4F4E4B83-8A97-439F-BA44-D72E3D997B57}.Debug|Any CPU.ActiveCfg = Debug|Any CPU
		{4F4E4B83-8A97-439F-BA44-D72E3D997B57}.Debug|Any CPU.Build.0 = Debug|Any CPU
		{4F4E4B83-8A97-439F-BA44-D72E3D997B57}.Debug|Mixed Platforms.ActiveCfg = Debug|Any CPU
		{4F4E4B83-8A97-439F-BA44-D72E3D997B57}.Debug|Mixed Platforms.Build.0 = Debug|Any CPU
		{4F4E4B83-8A97-439F-BA44-D72E3D997B57}.Debug|x86.ActiveCfg = Debug|Any CPU
		{4F4E4B83-8A97-439F-BA44-D72E3D997B57}.DVD-5|Any CPU.ActiveCfg = Debug|Any CPU
		{4F4E4B83-8A97-439F-BA44-D72E3D997B57}.DVD-5|Any CPU.Build.0 = Debug|Any CPU
		{4F4E4B83-8A97-439F-BA44-D72E3D997B57}.DVD-5|Mixed Platforms.ActiveCfg = Debug|Any CPU
		{4F4E4B83-8A97-439F-BA44-D72E3D997B57}.DVD-5|Mixed Platforms.Build.0 = Debug|Any CPU
		{4F4E4B83-8A97-439F-BA44-D72E3D997B57}.DVD-5|x86.ActiveCfg = Debug|Any CPU
		{4F4E4B83-8A97-439F-BA44-D72E3D997B57}.Release|Any CPU.ActiveCfg = Release|Any CPU
		{4F4E4B83-8A97-439F-BA44-D72E3D997B57}.Release|Any CPU.Build.0 = Release|Any CPU
		{4F4E4B83-8A97-439F-BA44-D72E3D997B57}.Release|Mixed Platforms.ActiveCfg = Release|Any CPU
		{4F4E4B83-8A97-439F-BA44-D72E3D997B57}.Release|Mixed Platforms.Build.0 = Release|Any CPU
		{4F4E4B83-8A97-439F-BA44-D72E3D997B57}.Release|x86.ActiveCfg = Release|Any CPU
		{4F4E4B83-8A97-439F-BA44-D72E3D997B57}.SingleImage|Any CPU.ActiveCfg = Release|Any CPU
		{4F4E4B83-8A97-439F-BA44-D72E3D997B57}.SingleImage|Any CPU.Build.0 = Release|Any CPU
		{4F4E4B83-8A97-439F-BA44-D72E3D997B57}.SingleImage|Mixed Platforms.ActiveCfg = Release|Any CPU
		{4F4E4B83-8A97-439F-BA44-D72E3D997B57}.SingleImage|Mixed Platforms.Build.0 = Release|Any CPU
		{4F4E4B83-8A97-439F-BA44-D72E3D997B57}.SingleImage|x86.ActiveCfg = Release|Any CPU
		{AF734033-B9CD-42DE-9D60-E5B8C8BF757B}.CD_ROM|Any CPU.ActiveCfg = Release|Any CPU
		{AF734033-B9CD-42DE-9D60-E5B8C8BF757B}.CD_ROM|Any CPU.Build.0 = Release|Any CPU
		{AF734033-B9CD-42DE-9D60-E5B8C8BF757B}.CD_ROM|Mixed Platforms.ActiveCfg = Release|Any CPU
		{AF734033-B9CD-42DE-9D60-E5B8C8BF757B}.CD_ROM|Mixed Platforms.Build.0 = Release|Any CPU
		{AF734033-B9CD-42DE-9D60-E5B8C8BF757B}.CD_ROM|x86.ActiveCfg = Release|Any CPU
		{AF734033-B9CD-42DE-9D60-E5B8C8BF757B}.Debug|Any CPU.ActiveCfg = Debug|Any CPU
		{AF734033-B9CD-42DE-9D60-E5B8C8BF757B}.Debug|Any CPU.Build.0 = Debug|Any CPU
		{AF734033-B9CD-42DE-9D60-E5B8C8BF757B}.Debug|Mixed Platforms.ActiveCfg = Debug|Any CPU
		{AF734033-B9CD-42DE-9D60-E5B8C8BF757B}.Debug|Mixed Platforms.Build.0 = Debug|Any CPU
		{AF734033-B9CD-42DE-9D60-E5B8C8BF757B}.Debug|x86.ActiveCfg = Debug|Any CPU
		{AF734033-B9CD-42DE-9D60-E5B8C8BF757B}.DVD-5|Any CPU.ActiveCfg = Debug|Any CPU
		{AF734033-B9CD-42DE-9D60-E5B8C8BF757B}.DVD-5|Any CPU.Build.0 = Debug|Any CPU
		{AF734033-B9CD-42DE-9D60-E5B8C8BF757B}.DVD-5|Mixed Platforms.ActiveCfg = Debug|Any CPU
		{AF734033-B9CD-42DE-9D60-E5B8C8BF757B}.DVD-5|Mixed Platforms.Build.0 = Debug|Any CPU
		{AF734033-B9CD-42DE-9D60-E5B8C8BF757B}.DVD-5|x86.ActiveCfg = Debug|Any CPU
		{AF734033-B9CD-42DE-9D60-E5B8C8BF757B}.Release|Any CPU.ActiveCfg = Release|Any CPU
		{AF734033-B9CD-42DE-9D60-E5B8C8BF757B}.Release|Any CPU.Build.0 = Release|Any CPU
		{AF734033-B9CD-42DE-9D60-E5B8C8BF757B}.Release|Mixed Platforms.ActiveCfg = Release|Any CPU
		{AF734033-B9CD-42DE-9D60-E5B8C8BF757B}.Release|Mixed Platforms.Build.0 = Release|Any CPU
		{AF734033-B9CD-42DE-9D60-E5B8C8BF757B}.Release|x86.ActiveCfg = Release|Any CPU
		{AF734033-B9CD-42DE-9D60-E5B8C8BF757B}.SingleImage|Any CPU.ActiveCfg = Release|Any CPU
		{AF734033-B9CD-42DE-9D60-E5B8C8BF757B}.SingleImage|Any CPU.Build.0 = Release|Any CPU
		{AF734033-B9CD-42DE-9D60-E5B8C8BF757B}.SingleImage|Mixed Platforms.ActiveCfg = Release|Any CPU
		{AF734033-B9CD-42DE-9D60-E5B8C8BF757B}.SingleImage|Mixed Platforms.Build.0 = Release|Any CPU
		{AF734033-B9CD-42DE-9D60-E5B8C8BF757B}.SingleImage|x86.ActiveCfg = Release|Any CPU
	EndGlobalSection
	GlobalSection(SolutionProperties) = preSolution
		HideSolutionNode = FALSE
	EndGlobalSection
EndGlobal
